{
  "name": "C64Style",
  "version": "0.2.0",
  "lockfileVersion": 1,
  "requires": true,
  "dependencies": {
    "slcommon": {
      "version": "github:shaunlusk/slcommon#a80825903a9b6d84b3df484e4dc70a8b6a1565bc",
      "from": "github:shaunlusk/slcommon#0.1.2"
    },
    "slgfx": {
      "version": "github:shaunlusk/slgfx#46918fbc4a8d3f316855b4486ee9ff735128e53c",
      "from": "github:shaunlusk/slgfx#develop",
      "requires": {
        "slcommon": "github:shaunlusk/slcommon#a80825903a9b6d84b3df484e4dc70a8b6a1565bc"
      }
    }
  }
}
