# THIS IS AN AUTOGENERATED FILE. DO NOT EDIT THIS FILE DIRECTLY.
# yarn lockfile v1


slcommon@shaunlusk/slcommon:
  version "0.1.0"
  resolved "https://codeload.github.com/shaunlusk/slcommon/tar.gz/b157679de3a317a60ab2e0e1b2a31de98ce1f3d2"

slgfx@shaunlusk/slgfx:
  version "0.1.0"
  resolved "https://codeload.github.com/shaunlusk/slgfx/tar.gz/88263dd48c986e82e885718deee1a6ddaa87e293"
  dependencies:
    slcommon shaunlusk/slcommon
