# THIS IS AN AUTOGENERATED FILE. DO NOT EDIT THIS FILE DIRECTLY.
# yarn lockfile v1


slcommon@shaunlusk/slcommon:
  version "0.1.0"
  resolved "https://codeload.github.com/shaunlusk/slcommon/tar.gz/b157679de3a317a60ab2e0e1b2a31de98ce1f3d2"

slgfx@shaunlusk/slgfx:
  version "0.1.0"
  resolved "https://codeload.github.com/shaunlusk/slgfx/tar.gz/8a2072b6b736c787a0009db5d4a7e5a9474460ac"
  dependencies:
    slcommon shaunlusk/slcommon
